
Microsoft Visual Studio Solution File, Format Version 12.00
# Visual Studio 14
VisualStudioVersion = 14.0.25420.1
MinimumVisualStudioVersion = 10.0.40219.1
Project("{FAE04EC0-301F-11D3-BF4B-00C04F79EFBC}") = "Automata", "Automata\Automata.csproj", "{FF7E4017-C8E4-40DB-A9F1-617A2E8F4BFC}"
EndProject
Project("{FAE04EC0-301F-11D3-BF4B-00C04F79EFBC}") = "AutomataTests", "AutomataTests\AutomataTests.csproj", "{8F473B61-5EB0-4E2E-9B5D-B1CB0D3404AB}"
EndProject
Global
	GlobalSection(SolutionConfigurationPlatforms) = preSolution
		Debug|Any CPU = Debug|Any CPU
		Release|Any CPU = Release|Any CPU
	EndGlobalSection
	GlobalSection(ProjectConfigurationPlatforms) = postSolution
		{FF7E4017-C8E4-40DB-A9F1-617A2E8F4BFC}.Debug|Any CPU.ActiveCfg = Debug|Any CPU
		{FF7E4017-C8E4-40DB-A9F1-617A2E8F4BFC}.Debug|Any CPU.Build.0 = Debug|Any CPU
		{FF7E4017-C8E4-40DB-A9F1-617A2E8F4BFC}.Release|Any CPU.ActiveCfg = Release|Any CPU
		{FF7E4017-C8E4-40DB-A9F1-617A2E8F4BFC}.Release|Any CPU.Build.0 = Release|Any CPU
		{8F473B61-5EB0-4E2E-9B5D-B1CB0D3404AB}.Debug|Any CPU.ActiveCfg = Debug|Any CPU
		{8F473B61-5EB0-4E2E-9B5D-B1CB0D3404AB}.Debug|Any CPU.Build.0 = Debug|Any CPU
		{8F473B61-5EB0-4E2E-9B5D-B1CB0D3404AB}.Release|Any CPU.ActiveCfg = Release|Any CPU
		{8F473B61-5EB0-4E2E-9B5D-B1CB0D3404AB}.Release|Any CPU.Build.0 = Release|Any CPU
	EndGlobalSection
	GlobalSection(SolutionProperties) = preSolution
		HideSolutionNode = FALSE
	EndGlobalSection
EndGlobal
